{
  "name": "ecsite-order-processor",
  "version": "1.0.0",
  "lockfileVersion": 3,
  "requires": true,
  "packages": {
    "": {
      "name": "ecsite-order-processor",
      "version": "1.0.0",
      "dependencies": {
        "@aws-sdk/client-secrets-manager": "^3.658.0",
        "@prisma/client": "^5.20.0"
      },
      "devDependencies": {
        "@types/aws-lambda": "^8.10.145",
        "@types/node": "^20.16.5",
        "prisma": "^5.20.0",
        "typescript": "^5.6.2"
      }
    },
    "node_modules/@aws-crypto/sha256-browser": {
      "version": "5.2.0",
      "resolved": "https://registry.npmjs.org/@aws-crypto/sha256-browser/-/sha256-browser-5.2.0.tgz",
      "integrity": "sha512-AXfN/lGotSQwu6HNcEsIASo7kWXZ5HYWvfOmSNKDsEqC4OashTp8alTmaz+F7TC2L083SFv5RdB+qU3Vs1kZqw==",
      "license": "Apache-2.0",
      "dependencies": {
        "@aws-crypto/sha256-js": "^5.2.0",
        "@aws-crypto/supports-web-crypto": "^5.2.0",
        "@aws-crypto/util": "^5.2.0",
        "@aws-sdk/types": "^3.222.0",
        "@aws-sdk/util-locate-window": "^3.0.0",
        "@smithy/util-utf8": "^2.0.0",
        "tslib": "^2.6.2"
      }
    },
    "node_modules/@aws-crypto/sha256-browser/node_modules/@smithy/util-utf8": {
      "version": "2.3.0",
      "resolved": "https://registry.npmjs.org/@smithy/util-utf8/-/util-utf8-2.3.0.tgz",
      "integrity": "sha512-R8Rdn8Hy72KKcebgLiv8jQcQkXoLMOGGv5uI1/k0l+snqkOzQ1R0ChUBCxWMlBsFMekWjq0wRudIweFs7sKT5A==",
      "license": "Apache-2.0",
      "dependencies": {
        "@smithy/util-buffer-from": "^2.2.0",
        "tslib": "^2.6.2"
      },
      "engines": {
        "node": ">=14.0.0"
      }
    },
    "node_modules/@aws-crypto/sha256-js": {
      "version": "5.2.0",
      "resolved": "https://registry.npmjs.org/@aws-crypto/sha256-js/-/sha256-js-5.2.0.tgz",
      "integrity": "sha512-FFQQyu7edu4ufvIZ+OadFpHHOt+eSTBaYaki44c+akjg7qZg9oOQeLlk77F6tSYqjDAFClrHJk9tMf0HdVyOvA==",
      "license": "Apache-2.0",
      "dependencies": {
        "@aws-crypto/util": "^5.2.0",
        "@aws-sdk/types": "^3.222.0",
        "tslib": "^2.6.2"
      },
      "engines": {
        "node": ">=16.0.0"
      }
    },
    "node_modules/@aws-crypto/supports-web-crypto": {
      "version": "5.2.0",
      "resolved": "https://registry.npmjs.org/@aws-crypto/supports-web-crypto/-/supports-web-crypto-5.2.0.tgz",
      "integrity": "sha512-iAvUotm021kM33eCdNfwIN//F77/IADDSs58i+MDaOqFrVjZo9bAal0NK7HurRuWLLpF1iLX7gbWrjHjeo+YFg==",
      "license": "Apache-2.0",
      "dependencies": {
        "tslib": "^2.6.2"
      }
    },
    "node_modules/@aws-crypto/util": {
      "version": "5.2.0",
      "resolved": "https://registry.npmjs.org/@aws-crypto/util/-/util-5.2.0.tgz",
      "integrity": "sha512-4RkU9EsI6ZpBve5fseQlGNUWKMa1RLPQ1dnjnQoe07ldfIzcsGb5hC5W0Dm7u423KWzawlrpbjXBrXCEv9zazQ==",
      "license": "Apache-2.0",
      "dependencies": {
        "@aws-sdk/types": "^3.222.0",
        "@smithy/util-utf8": "^2.0.0",
        "tslib": "^2.6.2"
      }
    },
    "node_modules/@aws-crypto/util/node_modules/@smithy/util-utf8": {
      "version": "2.3.0",
      "resolved": "https://registry.npmjs.org/@smithy/util-utf8/-/util-utf8-2.3.0.tgz",
      "integrity": "sha512-R8Rdn8Hy72KKcebgLiv8jQcQkXoLMOGGv5uI1/k0l+snqkOzQ1R0ChUBCxWMlBsFMekWjq0wRudIweFs7sKT5A==",
      "license": "Apache-2.0",
      "dependencies": {
        "@smithy/util-buffer-from": "^2.2.0",
        "tslib": "^2.6.2"
      },
      "engines": {
        "node": ">=14.0.0"
      }
    },
    "node_modules/@aws-sdk/client-secrets-manager": {
      "version": "3.967.0",
      "resolved": "https://registry.npmjs.org/@aws-sdk/client-secrets-manager/-/client-secrets-manager-3.967.0.tgz",
      "integrity": "sha512-DKCWIDwWcFqqWBAuwz0cO1cnPAx7egVN1+LYwxtn0g+G2YBPPjyMyQkZugy3AUersrGHqIEPjGhWNGOg0qLadg==",
      "license": "Apache-2.0",
      "dependencies": {
        "@aws-crypto/sha256-browser": "5.2.0",
        "@aws-crypto/sha256-js": "5.2.0",
        "@aws-sdk/core": "3.967.0",
        "@aws-sdk/credential-provider-node": "3.967.0",
        "@aws-sdk/middleware-host-header": "3.965.0",
        "@aws-sdk/middleware-logger": "3.965.0",
        "@aws-sdk/middleware-recursion-detection": "3.965.0",
        "@aws-sdk/middleware-user-agent": "3.967.0",
        "@aws-sdk/region-config-resolver": "3.965.0",
        "@aws-sdk/types": "3.965.0",
        "@aws-sdk/util-endpoints": "3.965.0",
        "@aws-sdk/util-user-agent-browser": "3.965.0",
        "@aws-sdk/util-user-agent-node": "3.967.0",
        "@smithy/config-resolver": "^4.4.5",
        "@smithy/core": "^3.20.2",
        "@smithy/fetch-http-handler": "^5.3.8",
        "@smithy/hash-node": "^4.2.7",
        "@smithy/invalid-dependency": "^4.2.7",
        "@smithy/middleware-content-length": "^4.2.7",
        "@smithy/middleware-endpoint": "^4.4.3",
        "@smithy/middleware-retry": "^4.4.19",
        "@smithy/middleware-serde": "^4.2.8",
        "@smithy/middleware-stack": "^4.2.7",
        "@smithy/node-config-provider": "^4.3.7",
        "@smithy/node-http-handler": "^4.4.7",
        "@smithy/protocol-http": "^5.3.7",
        "@smithy/smithy-client": "^4.10.4",
        "@smithy/types": "^4.11.0",
        "@smithy/url-parser": "^4.2.7",
        "@smithy/util-base64": "^4.3.0",
        "@smithy/util-body-length-browser": "^4.2.0",
        "@smithy/util-body-length-node": "^4.2.1",
        "@smithy/util-defaults-mode-browser": "^4.3.18",
        "@smithy/util-defaults-mode-node": "^4.2.21",
        "@smithy/util-endpoints": "^3.2.7",
        "@smithy/util-middleware": "^4.2.7",
        "@smithy/util-retry": "^4.2.7",
        "@smithy/util-utf8": "^4.2.0",
        "tslib": "^2.6.2"
      },
      "engines": {
        "node": ">=18.0.0"
      }
    },
    "node_modules/@aws-sdk/client-sso": {
      "version": "3.967.0",
      "resolved": "https://registry.npmjs.org/@aws-sdk/client-sso/-/client-sso-3.967.0.tgz",
      "integrity": "sha512-7RgUwHcRMJtWme6kCHGUVT+Rn9GmNH+FHm34N9UgMXzUqQlzFMweE7T5E9O8nv3wIp7xFNB20ADaCw9Xdnox1Q==",
      "license": "Apache-2.0",
      "dependencies": {
        "@aws-crypto/sha256-browser": "5.2.0",
        "@aws-crypto/sha256-js": "5.2.0",
        "@aws-sdk/core": "3.967.0",
        "@aws-sdk/middleware-host-header": "3.965.0",
        "@aws-sdk/middleware-logger": "3.965.0",
        "@aws-sdk/middleware-recursion-detection": "3.965.0",
        "@aws-sdk/middleware-user-agent": "3.967.0",
        "@aws-sdk/region-config-resolver": "3.965.0",
        "@aws-sdk/types": "3.965.0",
        "@aws-sdk/util-endpoints": "3.965.0",
        "@aws-sdk/util-user-agent-browser": "3.965.0",
        "@aws-sdk/util-user-agent-node": "3.967.0",
        "@smithy/config-resolver": "^4.4.5",
        "@smithy/core": "^3.20.2",
        "@smithy/fetch-http-handler": "^5.3.8",
        "@smithy/hash-node": "^4.2.7",
        "@smithy/invalid-dependency": "^4.2.7",
        "@smithy/middleware-content-length": "^4.2.7",
        "@smithy/middleware-endpoint": "^4.4.3",
        "@smithy/middleware-retry": "^4.4.19",
        "@smithy/middleware-serde": "^4.2.8",
        "@smithy/middleware-stack": "^4.2.7",
        "@smithy/node-config-provider": "^4.3.7",
        "@smithy/node-http-handler": "^4.4.7",
        "@smithy/protocol-http": "^5.3.7",
        "@smithy/smithy-client": "^4.10.4",
        "@smithy/types": "^4.11.0",
        "@smithy/url-parser": "^4.2.7",
        "@smithy/util-base64": "^4.3.0",
        "@smithy/util-body-length-browser": "^4.2.0",
        "@smithy/util-body-length-node": "^4.2.1",
        "@smithy/util-defaults-mode-browser": "^4.3.18",
        "@smithy/util-defaults-mode-node": "^4.2.21",
        "@smithy/util-endpoints": "^3.2.7",
        "@smithy/util-middleware": "^4.2.7",
        "@smithy/util-retry": "^4.2.7",
        "@smithy/util-utf8": "^4.2.0",
        "tslib": "^2.6.2"
      },
      "engines": {
        "node": ">=18.0.0"
      }
    },
    "node_modules/@aws-sdk/core": {
      "version": "3.967.0",
      "resolved": "https://registry.npmjs.org/@aws-sdk/core/-/core-3.967.0.tgz",
      "integrity": "sha512-sJmuP7GrVmlbO6DpXkuf9Mbn6jGNNvy6PLawvaxVF150c8bpNk3w39rerRls6q1dot1dBFV2D29hBXMY1agNMg==",
      "license": "Apache-2.0",
      "dependencies": {
        "@aws-sdk/types": "3.965.0",
        "@aws-sdk/xml-builder": "3.965.0",
        "@smithy/core": "^3.20.2",
        "@smithy/node-config-provider": "^4.3.7",
        "@smithy/property-provider": "^4.2.7",
        "@smithy/protocol-http": "^5.3.7",
        "@smithy/signature-v4": "^5.3.7",
        "@smithy/smithy-client": "^4.10.4",
        "@smithy/types": "^4.11.0",
        "@smithy/util-base64": "^4.3.0",
        "@smithy/util-middleware": "^4.2.7",
        "@smithy/util-utf8": "^4.2.0",
        "tslib": "^2.6.2"
      },
      "engines": {
        "node": ">=18.0.0"
      }
    },
    "node_modules/@aws-sdk/credential-provider-env": {
      "version": "3.967.0",
      "resolved": "https://registry.npmjs.org/@aws-sdk/credential-provider-env/-/credential-provider-env-3.967.0.tgz",
      "integrity": "sha512-+XWw0+f/txeMbEVRtTFZhgSw1ymH1ffaVKkdMBSnw48rfSohJElKmitCqdihagRTZpzh7m8qI6tIQ5t3OUqugw==",
      "license": "Apache-2.0",
      "dependencies": {
        "@aws-sdk/core": "3.967.0",
        "@aws-sdk/types": "3.965.0",
        "@smithy/property-provider": "^4.2.7",
        "@smithy/types": "^4.11.0",
        "tslib": "^2.6.2"
      },
      "engines": {
        "node": ">=18.0.0"
      }
    },
    "node_modules/@aws-sdk/credential-provider-http": {
      "version": "3.967.0",
      "resolved": "https://registry.npmjs.org/@aws-sdk/credential-provider-http/-/credential-provider-http-3.967.0.tgz",
      "integrity": "sha512-0/GIAEv5pY5htg6IBMuYccBgzz3oS2DqHjHi396ziTrwlhbrCNX96AbNhQhzAx3LBZUk13sPfeapjyQ7G57Ekg==",
      "license": "Apache-2.0",
      "dependencies": {
        "@aws-sdk/core": "3.967.0",
        "@aws-sdk/types": "3.965.0",
        "@smithy/fetch-http-handler": "^5.3.8",
        "@smithy/node-http-handler": "^4.4.7",
        "@smithy/property-provider": "^4.2.7",
        "@smithy/protocol-http": "^5.3.7",
        "@smithy/smithy-client": "^4.10.4",
        "@smithy/types": "^4.11.0",
        "@smithy/util-stream": "^4.5.8",
        "tslib": "^2.6.2"
      },
      "engines": {
        "node": ">=18.0.0"
      }
    },
    "node_modules/@aws-sdk/credential-provider-ini": {
      "version": "3.967.0",
      "resolved": "https://registry.npmjs.org/@aws-sdk/credential-provider-ini/-/credential-provider-ini-3.967.0.tgz",
      "integrity": "sha512-U8dMpaM6Qf6+2Qvp1uG6OcWv1RlrZW7tQkpmzEVWH8HZTGrVHIXXju64NMtIOr7yOnNwd0CKcytuD1QG+phCwQ==",
      "license": "Apache-2.0",
      "dependencies": {
        "@aws-sdk/core": "3.967.0",
        "@aws-sdk/credential-provider-env": "3.967.0",
        "@aws-sdk/credential-provider-http": "3.967.0",
        "@aws-sdk/credential-provider-login": "3.967.0",
        "@aws-sdk/credential-provider-process": "3.967.0",
        "@aws-sdk/credential-provider-sso": "3.967.0",
        "@aws-sdk/credential-provider-web-identity": "3.967.0",
        "@aws-sdk/nested-clients": "3.967.0",
        "@aws-sdk/types": "3.965.0",
        "@smithy/credential-provider-imds": "^4.2.7",
        "@smithy/property-provider": "^4.2.7",
        "@smithy/shared-ini-file-loader": "^4.4.2",
        "@smithy/types": "^4.11.0",
        "tslib": "^2.6.2"
      },
      "engines": {
        "node": ">=18.0.0"
      }
    },
    "node_modules/@aws-sdk/credential-provider-login": {
      "version": "3.967.0",
      "resolved": "https://registry.npmjs.org/@aws-sdk/credential-provider-login/-/credential-provider-login-3.967.0.tgz",
      "integrity": "sha512-kbvZsZL6CBlfnb71zuJdJmBUFZN5utNrcziZr/DZ2olEOkA9vlmizE8i9BUIbmS7ptjgvRnmcY1A966yfhiblw==",
      "license": "Apache-2.0",
      "dependencies": {
        "@aws-sdk/core": "3.967.0",
        "@aws-sdk/nested-clients": "3.967.0",
        "@aws-sdk/types": "3.965.0",
        "@smithy/property-provider": "^4.2.7",
        "@smithy/protocol-http": "^5.3.7",
        "@smithy/shared-ini-file-loader": "^4.4.2",
        "@smithy/types": "^4.11.0",
        "tslib": "^2.6.2"
      },
      "engines": {
        "node": ">=18.0.0"
      }
    },
    "node_modules/@aws-sdk/credential-provider-node": {
      "version": "3.967.0",
      "resolved": "https://registry.npmjs.org/@aws-sdk/credential-provider-node/-/credential-provider-node-3.967.0.tgz",
      "integrity": "sha512-WuNbHs9rfKKSVok4+OBrZf0AHfzDgFYYMxN2G/q6ZfUmY4QmiPyxV5HkNFh1rqDxS9VV6kAZPo0EBmry10idSg==",
      "license": "Apache-2.0",
      "dependencies": {
        "@aws-sdk/credential-provider-env": "3.967.0",
        "@aws-sdk/credential-provider-http": "3.967.0",
        "@aws-sdk/credential-provider-ini": "3.967.0",
        "@aws-sdk/credential-provider-process": "3.967.0",
        "@aws-sdk/credential-provider-sso": "3.967.0",
        "@aws-sdk/credential-provider-web-identity": "3.967.0",
        "@aws-sdk/types": "3.965.0",
        "@smithy/credential-provider-imds": "^4.2.7",
        "@smithy/property-provider": "^4.2.7",
        "@smithy/shared-ini-file-loader": "^4.4.2",
        "@smithy/types": "^4.11.0",
        "tslib": "^2.6.2"
      },
      "engines": {
        "node": ">=18.0.0"
      }
    },
    "node_modules/@aws-sdk/credential-provider-process": {
      "version": "3.967.0",
      "resolved": "https://registry.npmjs.org/@aws-sdk/credential-provider-process/-/credential-provider-process-3.967.0.tgz",
      "integrity": "sha512-sNCY5JDV0whsfsZ6c2+6eUwH33H7UhKbqvCPbEYlIIa8wkGjCtCyFI3zZIJHVcMKJJ3117vSUFHEkNA7g+8rtw==",
      "license": "Apache-2.0",
      "dependencies": {
        "@aws-sdk/core": "3.967.0",
        "@aws-sdk/types": "3.965.0",
        "@smithy/property-provider": "^4.2.7",
        "@smithy/shared-ini-file-loader": "^4.4.2",
        "@smithy/types": "^4.11.0",
        "tslib": "^2.6.2"
      },
      "engines": {
        "node": ">=18.0.0"
      }
    },
    "node_modules/@aws-sdk/credential-provider-sso": {
      "version": "3.967.0",
      "resolved": "https://registry.npmjs.org/@aws-sdk/credential-provider-sso/-/credential-provider-sso-3.967.0.tgz",
      "integrity": "sha512-0K6kITKNytFjk1UYabYUsTThgU6TQkyW6Wmt8S5zd1A/up7NSQGpp58Rpg9GIf4amQDQwb+p9FGG7emmV8FEeA==",
      "license": "Apache-2.0",
      "dependencies": {
        "@aws-sdk/client-sso": "3.967.0",
        "@aws-sdk/core": "3.967.0",
        "@aws-sdk/token-providers": "3.967.0",
        "@aws-sdk/types": "3.965.0",
        "@smithy/property-provider": "^4.2.7",
        "@smithy/shared-ini-file-loader": "^4.4.2",
        "@smithy/types": "^4.11.0",
        "tslib": "^2.6.2"
      },
      "engines": {
        "node": ">=18.0.0"
      }
    },
    "node_modules/@aws-sdk/credential-provider-web-identity": {
      "version": "3.967.0",
      "resolved": "https://registry.npmjs.org/@aws-sdk/credential-provider-web-identity/-/credential-provider-web-identity-3.967.0.tgz",
      "integrity": "sha512-Vkr7S2ec7q/v8i/MzkHcBEdqqfWz3lyb8FDjb+NjslEwdxC3f6XwADRZzWwV1pChfx6SbsvJXKfkcF/pKAelhA==",
      "license": "Apache-2.0",
      "dependencies": {
        "@aws-sdk/core": "3.967.0",
        "@aws-sdk/nested-clients": "3.967.0",
        "@aws-sdk/types": "3.965.0",
        "@smithy/property-provider": "^4.2.7",
        "@smithy/shared-ini-file-loader": "^4.4.2",
        "@smithy/types": "^4.11.0",
        "tslib": "^2.6.2"
      },
      "engines": {
        "node": ">=18.0.0"
      }
    },
    "node_modules/@aws-sdk/middleware-host-header": {
      "version": "3.965.0",
      "resolved": "https://registry.npmjs.org/@aws-sdk/middleware-host-header/-/middleware-host-header-3.965.0.tgz",
      "integrity": "sha512-SfpSYqoPOAmdb3DBsnNsZ0vix+1VAtkUkzXM79JL3R5IfacpyKE2zytOgVAQx/FjhhlpSTwuXd+LRhUEVb3MaA==",
      "license": "Apache-2.0",
      "dependencies": {
        "@aws-sdk/types": "3.965.0",
        "@smithy/protocol-http": "^5.3.7",
        "@smithy/types": "^4.11.0",
        "tslib": "^2.6.2"
      },
      "engines": {
        "node": ">=18.0.0"
      }
    },
    "node_modules/@aws-sdk/middleware-logger": {
      "version": "3.965.0",
      "resolved": "https://registry.npmjs.org/@aws-sdk/middleware-logger/-/middleware-logger-3.965.0.tgz",
      "integrity": "sha512-gjUvJRZT1bUABKewnvkj51LAynFrfz2h5DYAg5/2F4Utx6UOGByTSr9Rq8JCLbURvvzAbCtcMkkIJRxw+8Zuzw==",
      "license": "Apache-2.0",
      "dependencies": {
        "@aws-sdk/types": "3.965.0",
        "@smithy/types": "^4.11.0",
        "tslib": "^2.6.2"
      },
      "engines": {
        "node": ">=18.0.0"
      }
    },
    "node_modules/@aws-sdk/middleware-recursion-detection": {
      "version": "3.965.0",
      "resolved": "https://registry.npmjs.org/@aws-sdk/middleware-recursion-detection/-/middleware-recursion-detection-3.965.0.tgz",
      "integrity": "sha512-6dvD+18Ni14KCRu+tfEoNxq1sIGVp9tvoZDZ7aMvpnA7mDXuRLrOjRQ/TAZqXwr9ENKVGyxcPl0cRK8jk1YWjA==",
      "license": "Apache-2.0",
      "dependencies": {
        "@aws-sdk/types": "3.965.0",
        "@aws/lambda-invoke-store": "^0.2.2",
        "@smithy/protocol-http": "^5.3.7",
        "@smithy/types": "^4.11.0",
        "tslib": "^2.6.2"
      },
      "engines": {
        "node": ">=18.0.0"
      }
    },
    "node_modules/@aws-sdk/middleware-user-agent": {
      "version": "3.967.0",
      "resolved": "https://registry.npmjs.org/@aws-sdk/middleware-user-agent/-/middleware-user-agent-3.967.0.tgz",
      "integrity": "sha512-2qzJzZj5u+cZiG7kz3XJPaTH4ssUY/aet1kwJsUTFKrWeHUf7mZZkDFfkXP5cOffgiOyR5ZkrmJoLKAde9hshg==",
      "license": "Apache-2.0",
      "dependencies": {
        "@aws-sdk/core": "3.967.0",
        "@aws-sdk/types": "3.965.0",
        "@aws-sdk/util-endpoints": "3.965.0",
        "@smithy/core": "^3.20.2",
        "@smithy/protocol-http": "^5.3.7",
        "@smithy/types": "^4.11.0",
        "tslib": "^2.6.2"
      },
      "engines": {
        "node": ">=18.0.0"
      }
    },
    "node_modules/@aws-sdk/nested-clients": {
      "version": "3.967.0",
      "resolved": "https://registry.npmjs.org/@aws-sdk/nested-clients/-/nested-clients-3.967.0.tgz",
      "integrity": "sha512-PYa7V8w0gaNux6Sz/Z7zrHmPloEE+EKpRxQIOG/D0askTr5Yd4oO2KGgcInf65uHK3f0Z9U4CTUGHZvQvABypA==",
      "license": "Apache-2.0",
      "dependencies": {
        "@aws-crypto/sha256-browser": "5.2.0",
        "@aws-crypto/sha256-js": "5.2.0",
        "@aws-sdk/core": "3.967.0",
        "@aws-sdk/middleware-host-header": "3.965.0",
        "@aws-sdk/middleware-logger": "3.965.0",
        "@aws-sdk/middleware-recursion-detection": "3.965.0",
        "@aws-sdk/middleware-user-agent": "3.967.0",
        "@aws-sdk/region-config-resolver": "3.965.0",
        "@aws-sdk/types": "3.965.0",
        "@aws-sdk/util-endpoints": "3.965.0",
        "@aws-sdk/util-user-agent-browser": "3.965.0",
        "@aws-sdk/util-user-agent-node": "3.967.0",
        "@smithy/config-resolver": "^4.4.5",
        "@smithy/core": "^3.20.2",
        "@smithy/fetch-http-handler": "^5.3.8",
        "@smithy/hash-node": "^4.2.7",
        "@smithy/invalid-dependency": "^4.2.7",
        "@smithy/middleware-content-length": "^4.2.7",
        "@smithy/middleware-endpoint": "^4.4.3",
        "@smithy/middleware-retry": "^4.4.19",
        "@smithy/middleware-serde": "^4.2.8",
        "@smithy/middleware-stack": "^4.2.7",
        "@smithy/node-config-provider": "^4.3.7",
        "@smithy/node-http-handler": "^4.4.7",
        "@smithy/protocol-http": "^5.3.7",
        "@smithy/smithy-client": "^4.10.4",
        "@smithy/types": "^4.11.0",
        "@smithy/url-parser": "^4.2.7",
        "@smithy/util-base64": "^4.3.0",
        "@smithy/util-body-length-browser": "^4.2.0",
        "@smithy/util-body-length-node": "^4.2.1",
        "@smithy/util-defaults-mode-browser": "^4.3.18",
        "@smithy/util-defaults-mode-node": "^4.2.21",
        "@smithy/util-endpoints": "^3.2.7",
        "@smithy/util-middleware": "^4.2.7",
        "@smithy/util-retry": "^4.2.7",
        "@smithy/util-utf8": "^4.2.0",
        "tslib": "^2.6.2"
      },
      "engines": {
        "node": ">=18.0.0"
      }
    },
    "node_modules/@aws-sdk/region-config-resolver": {
      "version": "3.965.0",
      "resolved": "https://registry.npmjs.org/@aws-sdk/region-config-resolver/-/region-config-resolver-3.965.0.tgz",
      "integrity": "sha512-RoMhu9ly2B0coxn8ctXosPP2WmDD0MkQlZGLjoYHQUOCBmty5qmCxOqBmBDa6wbWbB8xKtMQ/4VXloQOgzjHXg==",
      "license": "Apache-2.0",
      "dependencies": {
        "@aws-sdk/types": "3.965.0",
        "@smithy/config-resolver": "^4.4.5",
        "@smithy/node-config-provider": "^4.3.7",
        "@smithy/types": "^4.11.0",
        "tslib": "^2.6.2"
      },
      "engines": {
        "node": ">=18.0.0"
      }
    },
    "node_modules/@aws-sdk/token-providers": {
      "version": "3.967.0",
      "resolved": "https://registry.npmjs.org/@aws-sdk/token-providers/-/token-providers-3.967.0.tgz",
      "integrity": "sha512-Qnd/nJ0CgeUa7zQczgmdQm0vYUF7pD1G0C+dR1T7huHQHRIsgCWIsCV9wNKzOFluqtcr6YAeuTwvY0+l8XWxnA==",
      "license": "Apache-2.0",
      "dependencies": {
        "@aws-sdk/core": "3.967.0",
        "@aws-sdk/nested-clients": "3.967.0",
        "@aws-sdk/types": "3.965.0",
        "@smithy/property-provider": "^4.2.7",
        "@smithy/shared-ini-file-loader": "^4.4.2",
        "@smithy/types": "^4.11.0",
        "tslib": "^2.6.2"
      },
      "engines": {
        "node": ">=18.0.0"
      }
    },
    "node_modules/@aws-sdk/types": {
      "version": "3.965.0",
      "resolved": "https://registry.npmjs.org/@aws-sdk/types/-/types-3.965.0.tgz",
      "integrity": "sha512-jvodoJdMavvg8faN7co58vVJRO5MVep4JFPRzUNCzpJ98BDqWDk/ad045aMJcmxkLzYLS2UAnUmqjJ/tUPNlzQ==",
      "license": "Apache-2.0",
      "dependencies": {
        "@smithy/types": "^4.11.0",
        "tslib": "^2.6.2"
      },
      "engines": {
        "node": ">=18.0.0"
      }
    },
    "node_modules/@aws-sdk/util-endpoints": {
      "version": "3.965.0",
      "resolved": "https://registry.npmjs.org/@aws-sdk/util-endpoints/-/util-endpoints-3.965.0.tgz",
      "integrity": "sha512-WqSCB0XIsGUwZWvrYkuoofi2vzoVHqyeJ2kN+WyoOsxPLTiQSBIoqm/01R/qJvoxwK/gOOF7su9i84Vw2NQQpQ==",
      "license": "Apache-2.0",
      "dependencies": {
        "@aws-sdk/types": "3.965.0",
        "@smithy/types": "^4.11.0",
        "@smithy/url-parser": "^4.2.7",
        "@smithy/util-endpoints": "^3.2.7",
        "tslib": "^2.6.2"
      },
      "engines": {
        "node": ">=18.0.0"
      }
    },
    "node_modules/@aws-sdk/util-locate-window": {
      "version": "3.965.0",
      "resolved": "https://registry.npmjs.org/@aws-sdk/util-locate-window/-/util-locate-window-3.965.0.tgz",
      "integrity": "sha512-9LJFand4bIoOjOF4x3wx0UZYiFZRo4oUauxQSiEX2dVg+5qeBOJSjp2SeWykIE6+6frCZ5wvWm2fGLK8D32aJw==",
      "license": "Apache-2.0",
      "dependencies": {
        "tslib": "^2.6.2"
      },
      "engines": {
        "node": ">=18.0.0"
      }
    },
    "node_modules/@aws-sdk/util-user-agent-browser": {
      "version": "3.965.0",
      "resolved": "https://registry.npmjs.org/@aws-sdk/util-user-agent-browser/-/util-user-agent-browser-3.965.0.tgz",
      "integrity": "sha512-Xiza/zMntQGpkd2dETQeAK8So1pg5+STTzpcdGWxj5q0jGO5ayjqT/q1Q7BrsX5KIr6PvRkl9/V7lLCv04wGjQ==",
      "license": "Apache-2.0",
      "dependencies": {
        "@aws-sdk/types": "3.965.0",
        "@smithy/types": "^4.11.0",
        "bowser": "^2.11.0",
        "tslib": "^2.6.2"
      }
    },
    "node_modules/@aws-sdk/util-user-agent-node": {
      "version": "3.967.0",
      "resolved": "https://registry.npmjs.org/@aws-sdk/util-user-agent-node/-/util-user-agent-node-3.967.0.tgz",
      "integrity": "sha512-yUz6pCGxyG4+QaDg0dkdIBphjQp8A9rrbZa/+U3RJgRrW47hy64clFQUROzj5Poy1Ur8ICVXEUpBsSqRuYEU2g==",
      "license": "Apache-2.0",
      "dependencies": {
        "@aws-sdk/middleware-user-agent": "3.967.0",
        "@aws-sdk/types": "3.965.0",
        "@smithy/node-config-provider": "^4.3.7",
        "@smithy/types": "^4.11.0",
        "tslib": "^2.6.2"
      },
      "engines": {
        "node": ">=18.0.0"
      },
      "peerDependencies": {
        "aws-crt": ">=1.0.0"
      },
      "peerDependenciesMeta": {
        "aws-crt": {
          "optional": true
        }
      }
    },
    "node_modules/@aws-sdk/xml-builder": {
      "version": "3.965.0",
      "resolved": "https://registry.npmjs.org/@aws-sdk/xml-builder/-/xml-builder-3.965.0.tgz",
      "integrity": "sha512-Tcod25/BTupraQwtb+Q+GX8bmEZfxIFjjJ/AvkhUZsZlkPeVluzq1uu3Oeqf145DCdMjzLIN6vab5MrykbDP+g==",
      "license": "Apache-2.0",
      "dependencies": {
        "@smithy/types": "^4.11.0",
        "fast-xml-parser": "5.2.5",
        "tslib": "^2.6.2"
      },
      "engines": {
        "node": ">=18.0.0"
      }
    },
    "node_modules/@aws/lambda-invoke-store": {
      "version": "0.2.4",
      "resolved": "https://registry.npmjs.org/@aws/lambda-invoke-store/-/lambda-invoke-store-0.2.4.tgz",
      "integrity": "sha512-iY8yvjE0y651BixKNPgmv1WrQc+GZ142sb0z4gYnChDDY2YqI4P/jsSopBWrKfAt7LOJAkOXt7rC/hms+WclQQ==",
      "license": "Apache-2.0",
      "engines": {
        "node": ">=18.0.0"
      }
    },
    "node_modules/@prisma/client": {
      "version": "5.22.0",
      "resolved": "https://registry.npmjs.org/@prisma/client/-/client-5.22.0.tgz",
      "integrity": "sha512-M0SVXfyHnQREBKxCgyo7sffrKttwE6R8PMq330MIUF0pTwjUhLbW84pFDlf06B27XyCR++VtjugEnIHdr07SVA==",
      "hasInstallScript": true,
      "license": "Apache-2.0",
      "engines": {
        "node": ">=16.13"
      },
      "peerDependencies": {
        "prisma": "*"
      },
      "peerDependenciesMeta": {
        "prisma": {
          "optional": true
        }
      }
    },
    "node_modules/@prisma/debug": {
      "version": "5.22.0",
      "resolved": "https://registry.npmjs.org/@prisma/debug/-/debug-5.22.0.tgz",
      "integrity": "sha512-AUt44v3YJeggO2ZU5BkXI7M4hu9BF2zzH2iF2V5pyXT/lRTyWiElZ7It+bRH1EshoMRxHgpYg4VB6rCM+mG5jQ==",
      "devOptional": true,
      "license": "Apache-2.0"
    },
    "node_modules/@prisma/engines": {
      "version": "5.22.0",
      "resolved": "https://registry.npmjs.org/@prisma/engines/-/engines-5.22.0.tgz",
      "integrity": "sha512-UNjfslWhAt06kVL3CjkuYpHAWSO6L4kDCVPegV6itt7nD1kSJavd3vhgAEhjglLJJKEdJ7oIqDJ+yHk6qO8gPA==",
      "devOptional": true,
      "hasInstallScript": true,
      "license": "Apache-2.0",
      "dependencies": {
        "@prisma/debug": "5.22.0",
        "@prisma/engines-version": "5.22.0-44.605197351a3c8bdd595af2d2a9bc3025bca48ea2",
        "@prisma/fetch-engine": "5.22.0",
        "@prisma/get-platform": "5.22.0"
      }
    },
    "node_modules/@prisma/engines-version": {
      "version": "5.22.0-44.605197351a3c8bdd595af2d2a9bc3025bca48ea2",
      "resolved": "https://registry.npmjs.org/@prisma/engines-version/-/engines-version-5.22.0-44.605197351a3c8bdd595af2d2a9bc3025bca48ea2.tgz",
      "integrity": "sha512-2PTmxFR2yHW/eB3uqWtcgRcgAbG1rwG9ZriSvQw+nnb7c4uCr3RAcGMb6/zfE88SKlC1Nj2ziUvc96Z379mHgQ==",
      "devOptional": true,
      "license": "Apache-2.0"
    },
    "node_modules/@prisma/fetch-engine": {
      "version": "5.22.0",
      "resolved": "https://registry.npmjs.org/@prisma/fetch-engine/-/fetch-engine-5.22.0.tgz",
      "integrity": "sha512-bkrD/Mc2fSvkQBV5EpoFcZ87AvOgDxbG99488a5cexp5Ccny+UM6MAe/UFkUC0wLYD9+9befNOqGiIJhhq+HbA==",
      "devOptional": true,
      "license": "Apache-2.0",
      "dependencies": {
        "@prisma/debug": "5.22.0",
        "@prisma/engines-version": "5.22.0-44.605197351a3c8bdd595af2d2a9bc3025bca48ea2",
        "@prisma/get-platform": "5.22.0"
      }
    },
    "node_modules/@prisma/get-platform": {
      "version": "5.22.0",
      "resolved": "https://registry.npmjs.org/@prisma/get-platform/-/get-platform-5.22.0.tgz",
      "integrity": "sha512-pHhpQdr1UPFpt+zFfnPazhulaZYCUqeIcPpJViYoq9R+D/yw4fjE+CtnsnKzPYm0ddUbeXUzjGVGIRVgPDCk4Q==",
      "devOptional": true,
      "license": "Apache-2.0",
      "dependencies": {
        "@prisma/debug": "5.22.0"
      }
    },
    "node_modules/@smithy/config-resolver": {
      "version": "4.7.2",
      "resolved": "https://registry.npmjs.org/@smithy/config-resolver/-/config-resolver-4.7.2.tgz",
      "integrity": "sha512-Y1XfSefHIOub9762qm3ShafdlEE/Va8h3kLUeMq765fNeWeNLcOP2YUPr86H1SlyGwZTOqQ67RlBZPZ3k9Djgg==",
      "license": "Apache-2.0",
      "dependencies": {
        "@smithy/core": "^3.33.2",
        "tslib": "^2.6.2"
      },
      "engines": {
        "node": ">=18.0.0"
      }
    },
    "node_modules/@smithy/core": {
      "version": "3.33.3",
      "resolved": "https://registry.npmjs.org/@smithy/core/-/core-3.33.3.tgz",
      "integrity": "sha512-CsOeKq/9kA3y6VJHt+/+VTCtBaxJ4OTFpgrjIUhPpDIKxBci1k2bJaQASF2h/ELWrulGp+t97DZ0mevfAD8idg==",
      "license": "Apache-2.0",
      "dependencies": {
        "@smithy/types": "^4.17.2",
        "tslib": "^2.6.2"
      },
      "engines": {
        "node": ">=18.0.0"
      }
    },
    "node_modules/@smithy/credential-provider-imds": {
      "version": "4.5.2",
      "resolved": "https://registry.npmjs.org/@smithy/credential-provider-imds/-/credential-provider-imds-4.5.2.tgz",
      "integrity": "sha512-A9uSdn72ozbRUSit0eib0TW7nXuNPlaeM0zcGkJ+nE6tFcSDbnmtwoxbTCFBukVQcszDAyvsd7+rTduPTXpygg==",
      "license": "Apache-2.0",
      "dependencies": {
        "@smithy/core": "^3.33.2",
        "@smithy/types": "^4.17.2",
        "tslib": "^2.6.2"
      },
      "engines": {
        "node": ">=18.0.0"
      }
    },
    "node_modules/@smithy/fetch-http-handler": {
      "version": "5.7.2",
      "resolved": "https://registry.npmjs.org/@smithy/fetch-http-handler/-/fetch-http-handler-5.7.2.tgz",
      "integrity": "sha512-nZyWTmSpJEXl6VtWVMBJve/7x12DZu6sIX1z1a+ZMaHlQQRs9Zpu6NbTe/gmxYXVRpkjxyDYpZ5gx2IM6f/Wkw==",
      "license": "Apache-2.0",
      "dependencies": {
        "@smithy/core": "^3.33.2",
        "@smithy/types": "^4.17.2",
        "tslib": "^2.6.2"
      },
      "engines": {
        "node": ">=18.0.0"
      }
    },
    "node_modules/@smithy/hash-node": {
      "version": "4.5.2",
      "resolved": "https://registry.npmjs.org/@smithy/hash-node/-/hash-node-4.5.2.tgz",
      "integrity": "sha512-OcD8fGClTkP0BWHVEAgUp1RZyCw8cKfqTPQ+DgrSF5jvR8zKkw2Aud79L4G/1Fu3QKLcsHExxRIPQCcKx7+xkg==",
      "license": "Apache-2.0",
      "dependencies": {
        "@smithy/core": "^3.33.2",
        "tslib": "^2.6.2"
      },
      "engines": {
        "node": ">=18.0.0"
      }
    },
    "node_modules/@smithy/invalid-dependency": {
      "version": "4.5.2",
      "resolved": "https://registry.npmjs.org/@smithy/invalid-dependency/-/invalid-dependency-4.5.2.tgz",
      "integrity": "sha512-VONOgtCxIXtwXrLVZPUdxOELYpkFzNizkpbQE5CrJ/OEh12Osx+LVXsLEAF+JcvVqPODmUoOUaovlOjCQHTOow==",
      "license": "Apache-2.0",
      "dependencies": {
        "@smithy/core": "^3.33.2",
        "tslib": "^2.6.2"
      },
      "engines": {
        "node": ">=18.0.0"
      }
    },
    "node_modules/@smithy/is-array-buffer": {
      "version": "2.2.0",
      "resolved": "https://registry.npmjs.org/@smithy/is-array-buffer/-/is-array-buffer-2.2.0.tgz",
      "integrity": "sha512-GGP3O9QFD24uGeAXYUjwSTXARoqpZykHadOmA8G5vfJPK0/DC67qa//0qvqrJzL1xc8WQWX7/yc7fwudjPHPhA==",
      "license": "Apache-2.0",
      "dependencies": {
        "tslib": "^2.6.2"
      },
      "engines": {
        "node": ">=14.0.0"
      }
    },
    "node_modules/@smithy/middleware-content-length": {
      "version": "4.5.2",
      "resolved": "https://registry.npmjs.org/@smithy/middleware-content-length/-/middleware-content-length-4.5.2.tgz",
      "integrity": "sha512-43Ixsc2OE5rhruhc9a1vETUCmK3Yh1AIbg2+wwQUgloOIti2FgPHmPLLBkjIqx8vdmpABtsVlhazNr5TMZKJmA==",
      "license": "Apache-2.0",
      "dependencies": {
        "@smithy/core": "^3.33.2",
        "tslib": "^2.6.2"
      },
      "engines": {
        "node": ">=18.0.0"
      }
    },
    "node_modules/@smithy/middleware-endpoint": {
      "version": "4.7.2",
      "resolved": "https://registry.npmjs.org/@smithy/middleware-endpoint/-/middleware-endpoint-4.7.2.tgz",
      "integrity": "sha512-7HgK3/pQQHcD5w9lOPtK53/eDMKDp324Nd4KZ8XvxlcKHiWytuM9VwVOB2iy3rutsz/N1WNEWBkaRBayrGnuog==",
      "license": "Apache-2.0",
      "dependencies": {
        "@smithy/core": "^3.33.2",
        "tslib": "^2.6.2"
      },
      "engines": {
        "node": ">=18.0.0"
      }
    },
    "node_modules/@smithy/middleware-retry": {
      "version": "4.8.2",
      "resolved": "https://registry.npmjs.org/@smithy/middleware-retry/-/middleware-retry-4.8.2.tgz",
      "integrity": "sha512-wj0BTZ6SC7YI8hSLMbZCO1BP7k8JOuSUHjRYrZJApqNEiHL6jxaLs5Sr92EeXu5CuVzZOUCFUuewXusWxps0bQ==",
      "license": "Apache-2.0",
      "dependencies": {
        "@smithy/core": "^3.33.2",
        "tslib": "^2.6.2"
      },
      "engines": {
        "node": ">=18.0.0"
      }
    },
    "node_modules/@smithy/middleware-serde": {
      "version": "4.5.2",
      "resolved": "https://registry.npmjs.org/@smithy/middleware-serde/-/middleware-serde-4.5.2.tgz",
      "integrity": "sha512-5Qeqkw4IdmUQUGR/FRImBruFcnXiwGC8+EOVH377bonkQF66temzxM4HbCnOOQb8U/SClP1IdlFbC7CTmKux4Q==",
      "license": "Apache-2.0",
      "dependencies": {
        "@smithy/core": "^3.33.2",
        "tslib": "^2.6.2"
      },
      "engines": {
        "node": ">=18.0.0"
      }
    },
    "node_modules/@smithy/middleware-stack": {
      "version": "4.5.2",
      "resolved": "https://registry.npmjs.org/@smithy/middleware-stack/-/middleware-stack-4.5.2.tgz",
      "integrity": "sha512-db1TDSBA03WtomPMLWPy69L85vEaQbbnDHlmCYQ7hIqOdD22K+k8GlsVYdafYKaFkJaJW2OvcgcXOELGfhtptA==",
      "license": "Apache-2.0",
      "dependencies": {
        "@smithy/core": "^3.33.2",
        "tslib": "^2.6.2"
      },
      "engines": {
        "node": ">=18.0.0"
      }
    },
    "node_modules/@smithy/node-config-provider": {
      "version": "4.6.2",
      "resolved": "https://registry.npmjs.org/@smithy/node-config-provider/-/node-config-provider-4.6.2.tgz",
      "integrity": "sha512-zMrXu/O5tPa7GLtra8L4wFG6DACcXT9QV4Ay+WEAjUhXm1dVq7c/q9Qv9gkJZNLY8hmQKg08778kDcxpKNMqOA==",
      "license": "Apache-2.0",
      "dependencies": {
        "@smithy/core": "^3.33.2",
        "tslib": "^2.6.2"
      },
      "engines": {
        "node": ">=18.0.0"
      }
    },
    "node_modules/@smithy/node-http-handler": {
      "version": "4.11.3",
      "resolved": "https://registry.npmjs.org/@smithy/node-http-handler/-/node-http-handler-4.11.3.tgz",
      "integrity": "sha512-2jY1tSpERfPfWqyBV2pH+iGFaghVsIJszJNsT7hxtQYhVJpWDyc0LqOWI+nXOxOAHaEfZ4PXXtp1wW1TGpHhkA==",
      "license": "Apache-2.0",
      "dependencies": {
        "@smithy/core": "^3.33.3",
        "@smithy/types": "^4.17.2",
        "tslib": "^2.6.2"
      },
      "engines": {
        "node": ">=18.0.0"
      }
    },
    "node_modules/@smithy/property-provider": {
      "version": "4.5.2",
      "resolved": "https://registry.npmjs.org/@smithy/property-provider/-/property-provider-4.5.2.tgz",
      "integrity": "sha512-SPJCSCCGpHf5g5b8244ig3WVKIdv2DS+X6cfmy4bpKEYo4VlLYM+bGHpHbfbmp76vegMKQBvs7DEpwQ5YuhKLA==",
      "license": "Apache-2.0",
      "dependencies": {
        "@smithy/core": "^3.33.2",
        "tslib": "^2.6.2"
      },
      "engines": {
        "node": ">=18.0.0"
      }
    },
    "node_modules/@smithy/protocol-http": {
      "version": "5.6.2",
      "resolved": "https://registry.npmjs.org/@smithy/protocol-http/-/protocol-http-5.6.2.tgz",
      "integrity": "sha512-Asd04MaxODN6FNY8EPTeCAM4kPNi3jDUAjZU0Y4F9rHvpLUrrUo7KLcxFgSthywFr6dZfIyDLIJda6jxmVTk5w==",
      "license": "Apache-2.0",
      "dependencies": {
        "@smithy/core": "^3.33.2",
        "tslib": "^2.6.2"
      },
      "engines": {
        "node": ">=18.0.0"
      }
    },
    "node_modules/@smithy/shared-ini-file-loader": {
      "version": "4.7.2",
      "resolved": "https://registry.npmjs.org/@smithy/shared-ini-file-loader/-/shared-ini-file-loader-4.7.2.tgz",
      "integrity": "sha512-XsIDj5gVG4YRxGS4n4TiBDAogPWRHXKZyor6JW/sEuaa/7BvKADe9j45jI2dPYCnYbKkLBmbZ4qN9ns0sH+kMQ==",
      "license": "Apache-2.0",
      "dependencies": {
        "@smithy/core": "^3.33.2",
        "tslib": "^2.6.2"
      },
      "engines": {
        "node": ">=18.0.0"
      }
    },
    "node_modules/@smithy/signature-v4": {
      "version": "5.7.3",
      "resolved": "https://registry.npmjs.org/@smithy/signature-v4/-/signature-v4-5.7.3.tgz",
      "integrity": "sha512-7ImGm+FkHRLcBaRttIAMZ6bzJZWb2cJGoYjq46F2UjycujWzrL9GEN9h4w7eQyXJYnltrUhxbbieBAIRrdqpow==",
      "license": "Apache-2.0",
      "dependencies": {
        "@smithy/core": "^3.33.3",
        "@smithy/types": "^4.17.2",
        "tslib": "^2.6.2"
      },
      "engines": {
        "node": ">=18.0.0"
      }
    },
    "node_modules/@smithy/smithy-client": {
      "version": "4.15.2",
      "resolved": "https://registry.npmjs.org/@smithy/smithy-client/-/smithy-client-4.15.2.tgz",
      "integrity": "sha512-qweA7dHwcWmq8IN2mIGo7nAfeji1nwWBra+P3nz4R8W8yoQYE6Iy2bN33I0W3d50MN/V5EiDY/nElr4EHITsrg==",
      "license": "Apache-2.0",
      "dependencies": {
        "@smithy/core": "^3.33.2",
        "@smithy/types": "^4.17.2",
        "tslib": "^2.6.2"
      },
      "engines": {
        "node": ">=18.0.0"
      }
    },
    "node_modules/@smithy/types": {
      "version": "4.17.2",
      "resolved": "https://registry.npmjs.org/@smithy/types/-/types-4.17.2.tgz",
      "integrity": "sha512-FOKpVZob9MPTn2znRzGrnsMHv7BOsKVw3XiP/cOyYLDVZ9qKp4nifIiSCuUU/fIj5Vu0UOAxCFr+qRAtG0NUkA==",
      "license": "Apache-2.0",
      "dependencies": {
        "tslib": "^2.6.2"
      },
      "engines": {
        "node": ">=18.0.0"
      }
    },
    "node_modules/@smithy/url-parser": {
      "version": "4.5.2",
      "resolved": "https://registry.npmjs.org/@smithy/url-parser/-/url-parser-4.5.2.tgz",
      "integrity": "sha512-xqZcyU/YjOt9ofe8WM1y9aCaAmxel2iRiHpkT0x2BN++mRXw0M4VdxPAOtuux279JndY6wWMiOt5BJ2xmAuMYA==",
      "license": "Apache-2.0",
      "dependencies": {
        "@smithy/core": "^3.33.2",
        "tslib": "^2.6.2"
      },
      "engines": {
        "node": ">=18.0.0"
      }
    },
    "node_modules/@smithy/util-base64": {
      "version": "4.6.2",
      "resolved": "https://registry.npmjs.org/@smithy/util-base64/-/util-base64-4.6.2.tgz",
      "integrity": "sha512-wTQX1hPfElIqY6AzM/s6c4UgpMxCL4MwJ5u6340ksLPq78lur6Y+keheIDk5gMX4G3KFh4MERcDt6xhRq+ie1Q==",
      "license": "Apache-2.0",
      "dependencies": {
        "@smithy/core": "^3.33.2",
        "tslib": "^2.6.2"
      },
      "engines": {
        "node": ">=18.0.0"
      }
    },
    "node_modules/@smithy/util-body-length-browser": {
      "version": "4.5.2",
      "resolved": "https://registry.npmjs.org/@smithy/util-body-length-browser/-/util-body-length-browser-4.5.2.tgz",
      "integrity": "sha512-QyeUSin/R2nz0hXZ5ObTvhmCQomsr6+ZyHygab5AH5+fTY5xVDQeX1DFKp9uPEwOs6RW26jEn9yqq+4yqIZDrA==",
      "license": "Apache-2.0",
      "dependencies": {
        "@smithy/core": "^3.33.2",
        "tslib": "^2.6.2"
      },
      "engines": {
        "node": ">=18.0.0"
      }
    },
    "node_modules/@smithy/util-body-length-node": {
      "version": "4.5.2",
      "resolved": "https://registry.npmjs.org/@smithy/util-body-length-node/-/util-body-length-node-4.5.2.tgz",
      "integrity": "sha512-SErsW8pBKTCkFEA1RoChwW6/8JYzdcWqWDOsRP0xOtxMYsHOUMcldkcQjtujpKSy2FtlywqygCOxSKarc4TAZw==",
      "license": "Apache-2.0",
      "dependencies": {
        "@smithy/core": "^3.33.2",
        "tslib": "^2.6.2"
      },
      "engines": {
        "node": ">=18.0.0"
      }
    },
    "node_modules/@smithy/util-buffer-from": {
      "version": "2.2.0",
      "resolved": "https://registry.npmjs.org/@smithy/util-buffer-from/-/util-buffer-from-2.2.0.tgz",
      "integrity": "sha512-IJdWBbTcMQ6DA0gdNhh/BwrLkDR+ADW5Kr1aZmd4k3DIF6ezMV4R2NIAmT08wQJ3yUK82thHWmC/TnK/wpMMIA==",
      "license": "Apache-2.0",
      "dependencies": {
        "@smithy/is-array-buffer": "^2.2.0",
        "tslib": "^2.6.2"
      },
      "engines": {
        "node": ">=14.0.0"
      }
    },
    "node_modules/@smithy/util-defaults-mode-browser": {
      "version": "4.6.2",
      "resolved": "https://registry.npmjs.org/@smithy/util-defaults-mode-browser/-/util-defaults-mode-browser-4.6.2.tgz",
      "integrity": "sha512-wENSdyLXVzupl1nyPK7JP/wt6Lkph/psRgocKli5NLh7O936L66FrZQ/I9HBHwZ5N0Z4MJUoj8qNdw+/6cTRgA==",
      "license": "Apache-2.0",
      "dependencies": {
        "@smithy/core": "^3.33.2",
        "tslib": "^2.6.2"
      },
      "engines": {
        "node": ">=18.0.0"
      }
    },
    "node_modules/@smithy/util-defaults-mode-node": {
      "version": "4.5.2",
      "resolved": "https://registry.npmjs.org/@smithy/util-defaults-mode-node/-/util-defaults-mode-node-4.5.2.tgz",
      "integrity": "sha512-3915rhdCibo7Do927AFV6pXxsIiaKOZGGexJ3LnT2l5CgJZi3DPqZ2ZMhYTIPjiRA3asHhPe0gaFBtxuqXC8aA==",
      "license": "Apache-2.0",
      "dependencies": {
        "@smithy/core": "^3.33.2",
        "tslib": "^2.6.2"
      },
      "engines": {
        "node": ">=18.0.0"
      }
    },
    "node_modules/@smithy/util-endpoints": {
      "version": "3.7.2",
      "resolved": "https://registry.npmjs.org/@smithy/util-endpoints/-/util-endpoints-3.7.2.tgz",
      "integrity": "sha512-16wQS3r4gXctr9/uYB0OUAUOm1LZLUKAsBeG364l64OalFwsRRvgO+AjL3OYxmxt060z1ExchX2ayrNVfM0r9Q==",
      "license": "Apache-2.0",
      "dependencies": {
        "@smithy/core": "^3.33.2",
        "tslib": "^2.6.2"
      },
      "engines": {
        "node": ">=18.0.0"
      }
    },
    "node_modules/@smithy/util-middleware": {
      "version": "4.5.2",
      "resolved": "https://registry.npmjs.org/@smithy/util-middleware/-/util-middleware-4.5.2.tgz",
      "integrity": "sha512-wmfA04AZqTwu10EWGKUu4dm/3BZfSedqlqAiQPWVr8OkwFh0MovRDBwc48Pzd2YEEjqpI0JwXVk65TBarff3wQ==",
      "license": "Apache-2.0",
      "dependencies": {
        "@smithy/core": "^3.33.2",
        "tslib": "^2.6.2"
      },
      "engines": {
        "node": ">=18.0.0"
      }
    },
    "node_modules/@smithy/util-retry": {
      "version": "4.6.2",
      "resolved": "https://registry.npmjs.org/@smithy/util-retry/-/util-retry-4.6.2.tgz",
      "integrity": "sha512-q6MXFNu+W4ZCNdNKutzDLP/Hzumd1FU9CQX++P/7ylanYIYiGhgZwSzwZWAw+G1RNcfY+RBYv61XcGlSYhj+BA==",
      "license": "Apache-2.0",
      "dependencies": {
        "@smithy/core": "^3.33.2",
        "tslib": "^2.6.2"
      },
      "engines": {
        "node": ">=18.0.0"
      }
    },
    "node_modules/@smithy/util-stream": {
      "version": "4.8.2",
      "resolved": "https://registry.npmjs.org/@smithy/util-stream/-/util-stream-4.8.2.tgz",
      "integrity": "sha512-R+S7jmu8VdbtOygMUSIGfkmOBp0SowT8+8LZdk21oXdmmKfN4G/bwN5IGIi0UH3RwWc9KJWDH1Dzm45DClyUvw==",
      "license": "Apache-2.0",
      "dependencies": {
        "@smithy/core": "^3.33.2",
        "tslib": "^2.6.2"
      },
      "engines": {
        "node": ">=18.0.0"
      }
    },
    "node_modules/@smithy/util-utf8": {
      "version": "4.5.2",
      "resolved": "https://registry.npmjs.org/@smithy/util-utf8/-/util-utf8-4.5.2.tgz",
      "integrity": "sha512-7wNWV7SugHpcMA7uzEawJNpE0GrasXM7a9E+1+Wm6NxVuDClESac/AKt+G7jMZNUz5vBLWqKlqVV7Sv7AtUr6Q==",
      "license": "Apache-2.0",
      "dependencies": {
        "@smithy/core": "^3.33.2",
        "tslib": "^2.6.2"
      },
      "engines": {
        "node": ">=18.0.0"
      }
    },
    "node_modules/@types/aws-lambda": {
      "version": "8.10.162",
      "resolved": "https://registry.npmjs.org/@types/aws-lambda/-/aws-lambda-8.10.162.tgz",
      "integrity": "sha512-Fn658grtLOci1oxi1391vvDWJRKNGWRSqfxRkmN/Iy3c0tQH1USMKEXcPYHLvope+ZgTFocx9FRQJx1muBL6qw==",
      "dev": true,
      "license": "MIT"
    },
    "node_modules/@types/node": {
      "version": "20.19.43",
      "resolved": "https://registry.npmjs.org/@types/node/-/node-20.19.43.tgz",
      "integrity": "sha512-6oYBAi5ikg4Pl+kGsoYtawUMBT2zZMCvPNF7pVLnHZfd1zf38DRiWn/gT01RYCdUqkv7Fhr+C9ot4/tb+2sVvA==",
      "dev": true,
      "license": "MIT",
      "dependencies": {
        "undici-types": "~6.21.0"
      }
    },
    "node_modules/anynum": {
      "version": "1.0.1",
      "resolved": "https://registry.npmjs.org/anynum/-/anynum-1.0.1.tgz",
      "integrity": "sha512-N6//FLET/tXYNM/F6ABca1oH6fWB+KlTt909Le28WMDBk8oaT4vY17DCrwg2MvmuqUKt3Ni4N5dGJ/EoBgcO6A==",
      "funding": [
        {
          "type": "github",
          "url": "https://github.com/sponsors/NaturalIntelligence"
        }
      ],
      "license": "MIT"
    },
    "node_modules/bowser": {
      "version": "2.14.1",
      "resolved": "https://registry.npmjs.org/bowser/-/bowser-2.14.1.tgz",
      "integrity": "sha512-tzPjzCxygAKWFOJP011oxFHs57HzIhOEracIgAePE4pqB3LikALKnSzUyU4MGs9/iCEUuHlAJTjTc5M+u7YEGg==",
      "license": "MIT"
    },
    "node_modules/fast-xml-parser": {
      "version": "5.2.5",
      "resolved": "https://registry.npmjs.org/fast-xml-parser/-/fast-xml-parser-5.2.5.tgz",
      "integrity": "sha512-pfX9uG9Ki0yekDHx2SiuRIyFdyAr1kMIMitPvb0YBo8SUfKvia7w7FIyd/l6av85pFYRhZscS75MwMnbvY+hcQ==",
      "funding": [
        {
          "type": "github",
          "url": "https://github.com/sponsors/NaturalIntelligence"
        }
      ],
      "license": "MIT",
      "dependencies": {
        "strnum": "^2.1.0"
      },
      "bin": {
        "fxparser": "src/cli/cli.js"
      }
    },
    "node_modules/fsevents": {
      "version": "2.3.3",
      "resolved": "https://registry.npmjs.org/fsevents/-/fsevents-2.3.3.tgz",
      "integrity": "sha512-5xoDfX+fL7faATnagmWPpbFtwh/R77WmMMqqHGS65C3vvB0YHrgF+B1YmZ3441tMj5n63k0212XNoJwzlhffQw==",
      "dev": true,
      "hasInstallScript": true,
      "license": "MIT",
      "optional": true,
      "os": [
        "darwin"
      ],
      "engines": {
        "node": "^8.16.0 || ^10.6.0 || >=11.0.0"
      }
    },
    "node_modules/prisma": {
      "version": "5.22.0",
      "resolved": "https://registry.npmjs.org/prisma/-/prisma-5.22.0.tgz",
      "integrity": "sha512-vtpjW3XuYCSnMsNVBjLMNkTj6OZbudcPPTPYHqX0CJfpcdWciI1dM8uHETwmDxxiqEwCIE6WvXucWUetJgfu/A==",
      "devOptional": true,
      "hasInstallScript": true,
      "license": "Apache-2.0",
      "dependencies": {
        "@prisma/engines": "5.22.0"
      },
      "bin": {
        "prisma": "build/index.js"
      },
      "engines": {
        "node": ">=16.13"
      },
      "optionalDependencies": {
        "fsevents": "2.3.3"
      }
    },
    "node_modules/strnum": {
      "version": "2.4.2",
      "resolved": "https://registry.npmjs.org/strnum/-/strnum-2.4.2.tgz",
      "integrity": "sha512-rDG3Ah4TV0k1hWvLSzkZtMmLN9+eS+h3knq4MP6A42Y3Yh5qGNnOUs1jJkoSr8FG5dsL28c7KgkIBzSEykqtuw==",
      "funding": [
        {
          "type": "github",
          "url": "https://github.com/sponsors/NaturalIntelligence"
        }
      ],
      "license": "MIT",
      "dependencies": {
        "anynum": "^1.0.1"
      }
    },
    "node_modules/tslib": {
      "version": "2.8.1",
      "resolved": "https://registry.npmjs.org/tslib/-/tslib-2.8.1.tgz",
      "integrity": "sha512-oJFu94HQb+KVduSUQL7wnpmqnfmLsOA/nAh6b6EH0wCEoK0/mPeXU6c3wKDV83MkOuHPRHtSXKKU99IBazS/2w==",
      "license": "0BSD"
    },
    "node_modules/typescript": {
      "version": "5.9.3",
      "resolved": "https://registry.npmjs.org/typescript/-/typescript-5.9.3.tgz",
      "integrity": "sha512-jl1vZzPDinLr9eUt3J/t7V6FgNEw9QjvBPdysz9KfQDD41fQrC2Y4vKQdiaUpFT4bXlb1RHhLpp8wtm6M5TgSw==",
      "dev": true,
      "license": "Apache-2.0",
      "bin": {
        "tsc": "bin/tsc",
        "tsserver": "bin/tsserver"
      },
      "engines": {
        "node": ">=14.17"
      }
    },
    "node_modules/undici-types": {
      "version": "6.21.0",
      "resolved": "https://registry.npmjs.org/undici-types/-/undici-types-6.21.0.tgz",
      "integrity": "sha512-iwDZqg0QAGrg9Rav5H4n0M64c3mkR59cJ6wQp+7C4nI0gsmExaedaYLNO44eT4AtBBwjbTiGPMlt2Md0T9H9JQ==",
      "dev": true,
      "license": "MIT"
    }
  }
}
